Microsoft Visual Studio Solution File, Format Version 11.00
# Visual Studio 2010
Project("{FAE04EC0-301F-11D3-BF4B-00C04F79EFBC}") = "Assembly-CSharp", "Assembly-CSharp.csproj", "{3FD3CC2F-5705-81EF-5068-C33B0530AC29}"
EndProject
Project("{FAE04EC0-301F-11D3-BF4B-00C04F79EFBC}") = "Assembly-CSharp-Editor", "Assembly-CSharp-Editor.csproj", "{24F18C1B-ECB7-EC12-5197-0A4629227911}"
EndProject
Global
	GlobalSection(SolutionConfigurationPlatforms) = preSolution
		Debug|Any CPU = Debug|Any CPU
		Release|Any CPU = Release|Any CPU
	EndGlobalSection
	GlobalSection(ProjectConfigurationPlatforms) = postSolution
		{3FD3CC2F-5705-81EF-5068-C33B0530AC29}.Debug|Any CPU.ActiveCfg = Debug|Any CPU
		{3FD3CC2F-5705-81EF-5068-C33B0530AC29}.Debug|Any CPU.Build.0 = Debug|Any CPU
		{3FD3CC2F-5705-81EF-5068-C33B0530AC29}.Release|Any CPU.ActiveCfg = Release|Any CPU
		{3FD3CC2F-5705-81EF-5068-C33B0530AC29}.Release|Any CPU.Build.0 = Release|Any CPU
		{24F18C1B-ECB7-EC12-5197-0A4629227911}.Debug|Any CPU.ActiveCfg = Debug|Any CPU
		{24F18C1B-ECB7-EC12-5197-0A4629227911}.Debug|Any CPU.Build.0 = Debug|Any CPU
		{24F18C1B-ECB7-EC12-5197-0A4629227911}.Release|Any CPU.ActiveCfg = Release|Any CPU
		{24F18C1B-ECB7-EC12-5197-0A4629227911}.Release|Any CPU.Build.0 = Release|Any CPU
	EndGlobalSection
	GlobalSection(SolutionProperties) = preSolution
		HideSolutionNode = FALSE
	EndGlobalSection
	GlobalSection(MonoDevelopProperties) = preSolution
		StartupItem = Assembly-CSharp.csproj
	EndGlobalSection
EndGlobal
